// !$*UTF8*$!
{
	archiveVersion = 1;
	classes = {
	};
	objectVersion = 46;
	objects = {

/* Begin PBXBuildFile section */
		399D9A3D1DB5B36C00DB4B32 /* main.m in Sources */ = {isa = PBXBuildFile; fileRef = 399D9A3C1DB5B36C00DB4B32 /* main.m */; };
		399D9A401DB5B36C00DB4B32 /* AppDelegate.m in Sources */ = {isa = PBXBuildFile; fileRef = 399D9A3F1DB5B36C00DB4B32 /* AppDelegate.m */; };
		399D9A431DB5B36C00DB4B32 /* ViewController.m in Sources */ = {isa = PBXBuildFile; fileRef = 399D9A421DB5B36C00DB4B32 /* ViewController.m */; };
		399D9A461DB5B36C00DB4B32 /* Main.storyboard in Resources */ = {isa = PBXBuildFile; fileRef = 399D9A441DB5B36C00DB4B32 /* Main.storyboard */; };
		399D9A481DB5B36C00DB4B32 /* Assets.xcassets in Resources */ = {isa = PBXBuildFile; fileRef = 399D9A471DB5B36C00DB4B32 /* Assets.xcassets */; };
		399D9A4B1DB5B36C00DB4B32 /* LaunchScreen.storyboard in Resources */ = {isa = PBXBuildFile; fileRef = 399D9A491DB5B36C00DB4B32 /* LaunchScreen.storyboard */; };
		399D9A551DB5B49300DB4B32 /* CircleView.m in Sources */ = {isa = PBXBuildFile; fileRef = 399D9A541DB5B49300DB4B32 /* CircleView.m */; };
		399D9A581DB5B4AD00DB4B32 /* CircleLayer.m in Sources */ = {isa = PBXBuildFile; fileRef = 399D9A571DB5B4AD00DB4B32 /* CircleLayer.m */; };
		399D9A5B1DB5BAFD00DB4B32 /* DemoCell.m in Sources */ = {isa = PBXBuildFile; fileRef = 399D9A5A1DB5BAFD00DB4B32 /* DemoCell.m */; };
		399D9A5F1DB5C18E00DB4B32 /* AnimatedPageControl.m in Sources */ = {isa = PBXBuildFile; fileRef = 399D9A5E1DB5C18E00DB4B32 /* AnimatedPageControl.m */; };
		399D9A631DB5C24200DB4B32 /* Line.m in Sources */ = {isa = PBXBuildFile; fileRef = 399D9A621DB5C24200DB4B32 /* Line.m */; };
		399D9A671DB5EA1E00DB4B32 /* Indicator.m in Sources */ = {isa = PBXBuildFile; fileRef = 399D9A661DB5EA1E00DB4B32 /* Indicator.m */; };
		399D9A6B1DB5EC0600DB4B32 /* GooeyCircle.m in Sources */ = {isa = PBXBuildFile; fileRef = 399D9A6A1DB5EC0600DB4B32 /* GooeyCircle.m */; };
		399D9A6F1DB5EE5E00DB4B32 /* RotateRect.m in Sources */ = {isa = PBXBuildFile; fileRef = 399D9A6E1DB5EE5E00DB4B32 /* RotateRect.m */; };
		399D9A731DB60FD900DB4B32 /* SpringLayerAnimation.m in Sources */ = {isa = PBXBuildFile; fileRef = 399D9A721DB60FD900DB4B32 /* SpringLayerAnimation.m */; };
/* End PBXBuildFile section */

/* Begin PBXFileReference section */
		399D9A381DB5B36C00DB4B32 /* CircleDemo.app */ = {isa = PBXFileReference; explicitFileType = wrapper.application; includeInIndex = 0; path = CircleDemo.app; sourceTree = BUILT_PRODUCTS_DIR; };
		399D9A3C1DB5B36C00DB4B32 /* main.m */ = {isa = PBXFileReference; lastKnownFileType = sourcecode.c.objc; path = main.m; sourceTree = "<group>"; };
		399D9A3E1DB5B36C00DB4B32 /* AppDelegate.h */ = {isa = PBXFileReference; lastKnownFileType = sourcecode.c.h; path = AppDelegate.h; sourceTree = "<group>"; };
		399D9A3F1DB5B36C00DB4B32 /* AppDelegate.m */ = {isa = PBXFileReference; lastKnownFileType = sourcecode.c.objc; path = AppDelegate.m; sourceTree = "<group>"; };
		399D9A411DB5B36C00DB4B32 /* ViewController.h */ = {isa = PBXFileReference; lastKnownFileType = sourcecode.c.h; path = ViewController.h; sourceTree = "<group>"; };
		399D9A421DB5B36C00DB4B32 /* ViewController.m */ = {isa = PBXFileReference; lastKnownFileType = sourcecode.c.objc; path = ViewController.m; sourceTree = "<group>"; };
		399D9A451DB5B36C00DB4B32 /* Base */ = {isa = PBXFileReference; lastKnownFileType = file.storyboard; name = Base; path = Base.lproj/Main.storyboard; sourceTree = "<group>"; };
		399D9A471DB5B36C00DB4B32 /* Assets.xcassets */ = {isa = PBXFileReference; lastKnownFileType = folder.assetcatalog; path = Assets.xcassets; sourceTree = "<group>"; };
		399D9A4A1DB5B36C00DB4B32 /* Base */ = {isa = PBXFileReference; lastKnownFileType = file.storyboard; name = Base; path = Base.lproj/LaunchScreen.storyboard; sourceTree = "<group>"; };
		399D9A4C1DB5B36C00DB4B32 /* Info.plist */ = {isa = PBXFileReference; lastKnownFileType = text.plist.xml; path = Info.plist; sourceTree = "<group>"; };
		399D9A531DB5B49300DB4B32 /* CircleView.h */ = {isa = PBXFileReference; fileEncoding = 4; lastKnownFileType = sourcecode.c.h; path = CircleView.h; sourceTree = "<group>"; };
		399D9A541DB5B49300DB4B32 /* CircleView.m */ = {isa = PBXFileReference; fileEncoding = 4; lastKnownFileType = sourcecode.c.objc; path = CircleView.m; sourceTree = "<group>"; };
		399D9A561DB5B4AD00DB4B32 /* CircleLayer.h */ = {isa = PBXFileReference; fileEncoding = 4; lastKnownFileType = sourcecode.c.h; path = CircleLayer.h; sourceTree = "<group>"; };
		399D9A571DB5B4AD00DB4B32 /* CircleLayer.m */ = {isa = PBXFileReference; fileEncoding = 4; lastKnownFileType = sourcecode.c.objc; path = CircleLayer.m; sourceTree = "<group>"; };
		399D9A591DB5BAFD00DB4B32 /* DemoCell.h */ = {isa = PBXFileReference; fileEncoding = 4; lastKnownFileType = sourcecode.c.h; path = DemoCell.h; sourceTree = "<group>"; };
		399D9A5A1DB5BAFD00DB4B32 /* DemoCell.m */ = {isa = PBXFileReference; fileEncoding = 4; lastKnownFileType = sourcecode.c.objc; path = DemoCell.m; sourceTree = "<group>"; };
		399D9A5D1DB5C18E00DB4B32 /* AnimatedPageControl.h */ = {isa = PBXFileReference; fileEncoding = 4; lastKnownFileType = sourcecode.c.h; path = AnimatedPageControl.h; sourceTree = "<group>"; };
		399D9A5E1DB5C18E00DB4B32 /* AnimatedPageControl.m */ = {isa = PBXFileReference; fileEncoding = 4; lastKnownFileType = sourcecode.c.objc; path = AnimatedPageControl.m; sourceTree = "<group>"; };
		399D9A611DB5C24200DB4B32 /* Line.h */ = {isa = PBXFileReference; fileEncoding = 4; lastKnownFileType = sourcecode.c.h; path = Line.h; sourceTree = "<group>"; };
		399D9A621DB5C24200DB4B32 /* Line.m */ = {isa = PBXFileReference; fileEncoding = 4; lastKnownFileType = sourcecode.c.objc; path = Line.m; sourceTree = "<group>"; };
		399D9A651DB5EA1E00DB4B32 /* Indicator.h */ = {isa = PBXFileReference; fileEncoding = 4; lastKnownFileType = sourcecode.c.h; path = Indicator.h; sourceTree = "<group>"; };
		399D9A661DB5EA1E00DB4B32 /* Indicator.m */ = {isa = PBXFileReference; fileEncoding = 4; lastKnownFileType = sourcecode.c.objc; path = Indicator.m; sourceTree = "<group>"; };
		399D9A691DB5EC0600DB4B32 /* GooeyCircle.h */ = {isa = PBXFileReference; fileEncoding = 4; lastKnownFileType = sourcecode.c.h; path = GooeyCircle.h; sourceTree = "<group>"; };
		399D9A6A1DB5EC0600DB4B32 /* GooeyCircle.m */ = {isa = PBXFileReference; fileEncoding = 4; lastKnownFileType = sourcecode.c.objc; path = GooeyCircle.m; sourceTree = "<group>"; };
		399D9A6D1DB5EE5E00DB4B32 /* RotateRect.h */ = {isa = PBXFileReference; fileEncoding = 4; lastKnownFileType = sourcecode.c.h; path = RotateRect.h; sourceTree = "<group>"; };
		399D9A6E1DB5EE5E00DB4B32 /* RotateRect.m */ = {isa = PBXFileReference; fileEncoding = 4; lastKnownFileType = sourcecode.c.objc; path = RotateRect.m; sourceTree = "<group>"; };
		399D9A711DB60FD900DB4B32 /* SpringLayerAnimation.h */ = {isa = PBXFileReference; fileEncoding = 4; lastKnownFileType = sourcecode.c.h; path = SpringLayerAnimation.h; sourceTree = "<group>"; };
		399D9A721DB60FD900DB4B32 /* SpringLayerAnimation.m */ = {isa = PBXFileReference; fileEncoding = 4; lastKnownFileType = sourcecode.c.objc; path = SpringLayerAnimation.m; sourceTree = "<group>"; };
/* End PBXFileReference section */

/* Begin PBXFrameworksBuildPhase section */
		399D9A351DB5B36C00DB4B32 /* Frameworks */ = {
			isa = PBXFrameworksBuildPhase;
			buildActionMask = 2147483647;
			files = (
			);
			runOnlyForDeploymentPostprocessing = 0;
		};
/* End PBXFrameworksBuildPhase section */

/* Begin PBXGroup section */
		399D9A2F1DB5B36C00DB4B32 = {
			isa = PBXGroup;
			children = (
				399D9A3A1DB5B36C00DB4B32 /* CircleDemo */,
				399D9A391DB5B36C00DB4B32 /* Products */,
			);
			sourceTree = "<group>";
		};
		399D9A391DB5B36C00DB4B32 /* Products */ = {
			isa = PBXGroup;
			children = (
				399D9A381DB5B36C00DB4B32 /* CircleDemo.app */,
			);
			name = Products;
			sourceTree = "<group>";
		};
		399D9A3A1DB5B36C00DB4B32 /* CircleDemo */ = {
			isa = PBXGroup;
			children = (
				399D9A3E1DB5B36C00DB4B32 /* AppDelegate.h */,
				399D9A3F1DB5B36C00DB4B32 /* AppDelegate.m */,
				399D9A411DB5B36C00DB4B32 /* ViewController.h */,
				399D9A421DB5B36C00DB4B32 /* ViewController.m */,
				399D9A591DB5BAFD00DB4B32 /* DemoCell.h */,
				399D9A5A1DB5BAFD00DB4B32 /* DemoCell.m */,
				399D9A5C1DB5C16C00DB4B32 /* AnimatePageControl */,
				399D9A521DB5B45F00DB4B32 /* CircleView */,
				399D9A441DB5B36C00DB4B32 /* Main.storyboard */,
				399D9A471DB5B36C00DB4B32 /* Assets.xcassets */,
				399D9A491DB5B36C00DB4B32 /* LaunchScreen.storyboard */,
				399D9A4C1DB5B36C00DB4B32 /* Info.plist */,
				399D9A3B1DB5B36C00DB4B32 /* Supporting Files */,
			);
			path = CircleDemo;
			sourceTree = "<group>";
		};
		399D9A3B1DB5B36C00DB4B32 /* Supporting Files */ = {
			isa = PBXGroup;
			children = (
				399D9A3C1DB5B36C00DB4B32 /* main.m */,
			);
			name = "Supporting Files";
			sourceTree = "<group>";
		};
		399D9A521DB5B45F00DB4B32 /* CircleView */ = {
			isa = PBXGroup;
			children = (
				399D9A531DB5B49300DB4B32 /* CircleView.h */,
				399D9A541DB5B49300DB4B32 /* CircleView.m */,
				399D9A561DB5B4AD00DB4B32 /* CircleLayer.h */,
				399D9A571DB5B4AD00DB4B32 /* CircleLayer.m */,
			);
			name = CircleView;
			sourceTree = "<group>";
		};
		399D9A5C1DB5C16C00DB4B32 /* AnimatePageControl */ = {
			isa = PBXGroup;
			children = (
				399D9A701DB60F9200DB4B32 /* indictorStyle */,
				399D9A601DB5C22600DB4B32 /* Line */,
				399D9A5D1DB5C18E00DB4B32 /* AnimatedPageControl.h */,
				399D9A5E1DB5C18E00DB4B32 /* AnimatedPageControl.m */,
				399D9A741DB60FDE00DB4B32 /* SpringAnimation */,
			);
			path = AnimatePageControl;
			sourceTree = "<group>";
		};
		399D9A601DB5C22600DB4B32 /* Line */ = {
			isa = PBXGroup;
			children = (
				399D9A611DB5C24200DB4B32 /* Line.h */,
				399D9A621DB5C24200DB4B32 /* Line.m */,
			);
			name = Line;
			sourceTree = "<group>";
		};
		399D9A641DB5E9EE00DB4B32 /* indicator */ = {
			isa = PBXGroup;
			children = (
				399D9A651DB5EA1E00DB4B32 /* Indicator.h */,
				399D9A661DB5EA1E00DB4B32 /* Indicator.m */,
			);
			name = indicator;
			sourceTree = "<group>";
		};
		399D9A681DB5EBEB00DB4B32 /* GooeyCircle */ = {
			isa = PBXGroup;
			children = (
				399D9A691DB5EC0600DB4B32 /* GooeyCircle.h */,
				399D9A6A1DB5EC0600DB4B32 /* GooeyCircle.m */,
			);
			name = GooeyCircle;
			sourceTree = "<group>";
		};
		399D9A6C1DB5EE4A00DB4B32 /* RotateRect */ = {
			isa = PBXGroup;
			children = (
				399D9A6D1DB5EE5E00DB4B32 /* RotateRect.h */,
				399D9A6E1DB5EE5E00DB4B32 /* RotateRect.m */,
			);
			name = RotateRect;
			sourceTree = "<group>";
		};
		399D9A701DB60F9200DB4B32 /* indictorStyle */ = {
			isa = PBXGroup;
			children = (
				399D9A6C1DB5EE4A00DB4B32 /* RotateRect */,
				399D9A681DB5EBEB00DB4B32 /* GooeyCircle */,
				399D9A641DB5E9EE00DB4B32 /* indicator */,
			);
			name = indictorStyle;
			sourceTree = "<group>";
		};
		399D9A741DB60FDE00DB4B32 /* SpringAnimation */ = {
			isa = PBXGroup;
			children = (
				399D9A711DB60FD900DB4B32 /* SpringLayerAnimation.h */,
				399D9A721DB60FD900DB4B32 /* SpringLayerAnimation.m */,
			);
			name = SpringAnimation;
			sourceTree = "<group>";
		};
/* End PBXGroup section */

/* Begin PBXNativeTarget section */
		399D9A371DB5B36C00DB4B32 /* CircleDemo */ = {
			isa = PBXNativeTarget;
			buildConfigurationList = 399D9A4F1DB5B36C00DB4B32 /* Build configuration list for PBXNativeTarget "CircleDemo" */;
			buildPhases = (
				399D9A341DB5B36C00DB4B32 /* Sources */,
				399D9A351DB5B36C00DB4B32 /* Frameworks */,
				399D9A361DB5B36C00DB4B32 /* Resources */,
			);
			buildRules = (
			);
			dependencies = (
			);
			name = CircleDemo;
			productName = CircleDemo;
			productReference = 399D9A381DB5B36C00DB4B32 /* CircleDemo.app */;
			productType = "com.apple.product-type.application";
		};
/* End PBXNativeTarget section */

/* Begin PBXProject section */
		399D9A301DB5B36C00DB4B32 /* Project object */ = {
			isa = PBXProject;
			attributes = {
				LastUpgradeCheck = 0730;
				ORGANIZATIONNAME = "明镜止水";
				TargetAttributes = {
					399D9A371DB5B36C00DB4B32 = {
						CreatedOnToolsVersion = 7.3;
					};
				};
			};
			buildConfigurationList = 399D9A331DB5B36C00DB4B32 /* Build configuration list for PBXProject "CircleDemo" */;
			compatibilityVersion = "Xcode 3.2";
			developmentRegion = English;
			hasScannedForEncodings = 0;
			knownRegions = (
				en,
				Base,
			);
			mainGroup = 399D9A2F1DB5B36C00DB4B32;
			productRefGroup = 399D9A391DB5B36C00DB4B32 /* Products */;
			projectDirPath = "";
			projectRoot = "";
			targets = (
				399D9A371DB5B36C00DB4B32 /* CircleDemo */,
			);
		};
/* End PBXProject section */

/* Begin PBXResourcesBuildPhase section */
		399D9A361DB5B36C00DB4B32 /* Resources */ = {
			isa = PBXResourcesBuildPhase;
			buildActionMask = 2147483647;
			files = (
				399D9A4B1DB5B36C00DB4B32 /* LaunchScreen.storyboard in Resources */,
				399D9A481DB5B36C00DB4B32 /* Assets.xcassets in Resources */,
				399D9A461DB5B36C00DB4B32 /* Main.storyboard in Resources */,
			);
			runOnlyForDeploymentPostprocessing = 0;
		};
/* End PBXResourcesBuildPhase section */

/* Begin PBXSourcesBuildPhase section */
		399D9A341DB5B36C00DB4B32 /* Sources */ = {
			isa = PBXSourcesBuildPhase;
			buildActionMask = 2147483647;
			files = (
				399D9A551DB5B49300DB4B32 /* CircleView.m in Sources */,
				399D9A731DB60FD900DB4B32 /* SpringLayerAnimation.m in Sources */,
				399D9A631DB5C24200DB4B32 /* Line.m in Sources */,
				399D9A671DB5EA1E00DB4B32 /* Indicator.m in Sources */,
				399D9A6F1DB5EE5E00DB4B32 /* RotateRect.m in Sources */,
				399D9A581DB5B4AD00DB4B32 /* CircleLayer.m in Sources */,
				399D9A431DB5B36C00DB4B32 /* ViewController.m in Sources */,
				399D9A401DB5B36C00DB4B32 /* AppDelegate.m in Sources */,
				399D9A5B1DB5BAFD00DB4B32 /* DemoCell.m in Sources */,
				399D9A5F1DB5C18E00DB4B32 /* AnimatedPageControl.m in Sources */,
				399D9A3D1DB5B36C00DB4B32 /* main.m in Sources */,
				399D9A6B1DB5EC0600DB4B32 /* GooeyCircle.m in Sources */,
			);
			runOnlyForDeploymentPostprocessing = 0;
		};
/* End PBXSourcesBuildPhase section */

/* Begin PBXVariantGroup section */
		399D9A441DB5B36C00DB4B32 /* Main.storyboard */ = {
			isa = PBXVariantGroup;
			children = (
				399D9A451DB5B36C00DB4B32 /* Base */,
			);
			name = Main.storyboard;
			sourceTree = "<group>";
		};
		399D9A491DB5B36C00DB4B32 /* LaunchScreen.storyboard */ = {
			isa = PBXVariantGroup;
			children = (
				399D9A4A1DB5B36C00DB4B32 /* Base */,
			);
			name = LaunchScreen.storyboard;
			sourceTree = "<group>";
		};
/* End PBXVariantGroup section */

/* Begin XCBuildConfiguration section */
		399D9A4D1DB5B36C00DB4B32 /* Debug */ = {
			isa = XCBuildConfiguration;
			buildSettings = {
				ALWAYS_SEARCH_USER_PATHS = NO;
				CLANG_ANALYZER_NONNULL = YES;
				CLANG_CXX_LANGUAGE_STANDARD = "gnu++0x";
				CLANG_CXX_LIBRARY = "libc++";
				CLANG_ENABLE_MODULES = YES;
				CLANG_ENABLE_OBJC_ARC = YES;
				CLANG_WARN_BOOL_CONVERSION = YES;
				CLANG_WARN_CONSTANT_CONVERSION = YES;
				CLANG_WARN_DIRECT_OBJC_ISA_USAGE = YES_ERROR;
				CLANG_WARN_EMPTY_BODY = YES;
				CLANG_WARN_ENUM_CONVERSION = YES;
				CLANG_WARN_INT_CONVERSION = YES;
				CLANG_WARN_OBJC_ROOT_CLASS = YES_ERROR;
				CLANG_WARN_UNREACHABLE_CODE = YES;
				CLANG_WARN__DUPLICATE_METHOD_MATCH = YES;
				"CODE_SIGN_IDENTITY[sdk=iphoneos*]" = "iPhone Developer";
				COPY_PHASE_STRIP = NO;
				DEBUG_INFORMATION_FORMAT = dwarf;
				ENABLE_STRICT_OBJC_MSGSEND = YES;
				ENABLE_TESTABILITY = YES;
				GCC_C_LANGUAGE_STANDARD = gnu99;
				GCC_DYNAMIC_NO_PIC = NO;
				GCC_NO_COMMON_BLOCKS = YES;
				GCC_OPTIMIZATION_LEVEL = 0;
				GCC_PREPROCESSOR_DEFINITIONS = (
					"DEBUG=1",
					"$(inherited)",
				);
				GCC_WARN_64_TO_32_BIT_CONVERSION = YES;
				GCC_WARN_ABOUT_RETURN_TYPE = YES_ERROR;
				GCC_WARN_UNDECLARED_SELECTOR = YES;
				GCC_WARN_UNINITIALIZED_AUTOS = YES_AGGRESSIVE;
				GCC_WARN_UNUSED_FUNCTION = YES;
				GCC_WARN_UNUSED_VARIABLE = YES;
				IPHONEOS_DEPLOYMENT_TARGET = 9.3;
				MTL_ENABLE_DEBUG_INFO = YES;
				ONLY_ACTIVE_ARCH = YES;
				SDKROOT = iphoneos;
				TARGETED_DEVICE_FAMILY = "1,2";
			};
			name = Debug;
		};
		399D9A4E1DB5B36C00DB4B32 /* Release */ = {
			isa = XCBuildConfiguration;
			buildSettings = {
				ALWAYS_SEARCH_USER_PATHS = NO;
				CLANG_ANALYZER_NONNULL = YES;
				CLANG_CXX_LANGUAGE_STANDARD = "gnu++0x";
				CLANG_CXX_LIBRARY = "libc++";
				CLANG_ENABLE_MODULES = YES;
				CLANG_ENABLE_OBJC_ARC = YES;
				CLANG_WARN_BOOL_CONVERSION = YES;
				CLANG_WARN_CONSTANT_CONVERSION = YES;
				CLANG_WARN_DIRECT_OBJC_ISA_USAGE = YES_ERROR;
				CLANG_WARN_EMPTY_BODY = YES;
				CLANG_WARN_ENUM_CONVERSION = YES;
				CLANG_WARN_INT_CONVERSION = YES;
				CLANG_WARN_OBJC_ROOT_CLASS = YES_ERROR;
				CLANG_WARN_UNREACHABLE_CODE = YES;
				CLANG_WARN__DUPLICATE_METHOD_MATCH = YES;
				"CODE_SIGN_IDENTITY[sdk=iphoneos*]" = "iPhone Developer";
				COPY_PHASE_STRIP = NO;
				DEBUG_INFORMATION_FORMAT = "dwarf-with-dsym";
				ENABLE_NS_ASSERTIONS = NO;
				ENABLE_STRICT_OBJC_MSGSEND = YES;
				GCC_C_LANGUAGE_STANDARD = gnu99;
				GCC_NO_COMMON_BLOCKS = YES;
				GCC_WARN_64_TO_32_BIT_CONVERSION = YES;
				GCC_WARN_ABOUT_RETURN_TYPE = YES_ERROR;
				GCC_WARN_UNDECLARED_SELECTOR = YES;
				GCC_WARN_UNINITIALIZED_AUTOS = YES_AGGRESSIVE;
				GCC_WARN_UNUSED_FUNCTION = YES;
				GCC_WARN_UNUSED_VARIABLE = YES;
				IPHONEOS_DEPLOYMENT_TARGET = 9.3;
				MTL_ENABLE_DEBUG_INFO = NO;
				SDKROOT = iphoneos;
				TARGETED_DEVICE_FAMILY = "1,2";
				VALIDATE_PRODUCT = YES;
			};
			name = Release;
		};
		399D9A501DB5B36C00DB4B32 /* Debug */ = {
			isa = XCBuildConfiguration;
			buildSettings = {
				ASSETCATALOG_COMPILER_APPICON_NAME = AppIcon;
				INFOPLIST_FILE = CircleDemo/Info.plist;
				LD_RUNPATH_SEARCH_PATHS = "$(inherited) @executable_path/Frameworks";
				PRODUCT_BUNDLE_IDENTIFIER = com.ruiyou.CircleDemo;
				PRODUCT_NAME = "$(TARGET_NAME)";
			};
			name = Debug;
		};
		399D9A511DB5B36C00DB4B32 /* Release */ = {
			isa = XCBuildConfiguration;
			buildSettings = {
				ASSETCATALOG_COMPILER_APPICON_NAME = AppIcon;
				INFOPLIST_FILE = CircleDemo/Info.plist;
				LD_RUNPATH_SEARCH_PATHS = "$(inherited) @executable_path/Frameworks";
				PRODUCT_BUNDLE_IDENTIFIER = com.ruiyou.CircleDemo;
				PRODUCT_NAME = "$(TARGET_NAME)";
			};
			name = Release;
		};
/* End XCBuildConfiguration section */

/* Begin XCConfigurationList section */
		399D9A331DB5B36C00DB4B32 /* Build configuration list for PBXProject "CircleDemo" */ = {
			isa = XCConfigurationList;
			buildConfigurations = (
				399D9A4D1DB5B36C00DB4B32 /* Debug */,
				399D9A4E1DB5B36C00DB4B32 /* Release */,
			);
			defaultConfigurationIsVisible = 0;
			defaultConfigurationName = Release;
		};
		399D9A4F1DB5B36C00DB4B32 /* Build configuration list for PBXNativeTarget "CircleDemo" */ = {
			isa = XCConfigurationList;
			buildConfigurations = (
				399D9A501DB5B36C00DB4B32 /* Debug */,
				399D9A511DB5B36C00DB4B32 /* Release */,
			);
			defaultConfigurationIsVisible = 0;
			defaultConfigurationName = Release;
		};
/* End XCConfigurationList section */
	};
	rootObject = 399D9A301DB5B36C00DB4B32 /* Project object */;
}
